// !$*UTF8*$!
{
	archiveVersion = 1;
	classes = {
	};
	objectVersion = 50;
	objects = {

/* Begin PBXBuildFile section */
		950E147B27292D5D00ED00A5 /* PointView.swift in Sources */ = {isa = PBXBuildFile; fileRef = 950E147A27292D5D00ED00A5 /* PointView.swift */; };
		9511F78B2716D5C600C45070 /* BullseyeApp.swift in Sources */ = {isa = PBXBuildFile; fileRef = 9511F78A2716D5C600C45070 /* BullseyeApp.swift */; };
		9511F78D2716D5C600C45070 /* ContentView.swift in Sources */ = {isa = PBXBuildFile; fileRef = 9511F78C2716D5C600C45070 /* ContentView.swift */; };
		9511F78F2716D5C800C45070 /* Assets.xcassets in Resources */ = {isa = PBXBuildFile; fileRef = 9511F78E2716D5C800C45070 /* Assets.xcassets */; };
		9511F7922716D5C800C45070 /* Preview Assets.xcassets in Resources */ = {isa = PBXBuildFile; fileRef = 9511F7912716D5C800C45070 /* Preview Assets.xcassets */; };
		957B1701271BD3D400C6CCD0 /* Game.swift in Sources */ = {isa = PBXBuildFile; fileRef = 957B1700271BD3D400C6CCD0 /* Game.swift */; };
		957B1709271C23FA00C6CCD0 /* BullseyeTests.swift in Sources */ = {isa = PBXBuildFile; fileRef = 957B1708271C23FA00C6CCD0 /* BullseyeTests.swift */; };
		957B17112720066300C6CCD0 /* TextViews.swift in Sources */ = {isa = PBXBuildFile; fileRef = 957B17102720066200C6CCD0 /* TextViews.swift */; };
		957B17132721330C00C6CCD0 /* Shapes.swift in Sources */ = {isa = PBXBuildFile; fileRef = 957B17122721330C00C6CCD0 /* Shapes.swift */; };
		957B1715272139ED00C6CCD0 /* RoundViews.swift in Sources */ = {isa = PBXBuildFile; fileRef = 957B1714272139ED00C6CCD0 /* RoundViews.swift */; };
		957B171727214CF300C6CCD0 /* BackgroundView.swift in Sources */ = {isa = PBXBuildFile; fileRef = 957B171627214CF300C6CCD0 /* BackgroundView.swift */; };
/* End PBXBuildFile section */

/* Begin PBXContainerItemProxy section */
		957B170B271C23FA00C6CCD0 /* PBXContainerItemProxy */ = {
			isa = PBXContainerItemProxy;
			containerPortal = 9511F77F2716D5C600C45070 /* Project object */;
			proxyType = 1;
			remoteGlobalIDString = 9511F7862716D5C600C45070;
			remoteInfo = Bullseye;
		};
/* End PBXContainerItemProxy section */

/* Begin PBXFileReference section */
		950E147A27292D5D00ED00A5 /* PointView.swift */ = {isa = PBXFileReference; lastKnownFileType = sourcecode.swift; path = PointView.swift; sourceTree = "<group>"; };
		9511F7872716D5C600C45070 /* Bullseye.app */ = {isa = PBXFileReference; explicitFileType = wrapper.application; includeInIndex = 0; path = Bullseye.app; sourceTree = BUILT_PRODUCTS_DIR; };
		9511F78A2716D5C600C45070 /* BullseyeApp.swift */ = {isa = PBXFileReference; lastKnownFileType = sourcecode.swift; path = BullseyeApp.swift; sourceTree = "<group>"; };
		9511F78C2716D5C600C45070 /* ContentView.swift */ = {isa = PBXFileReference; lastKnownFileType = sourcecode.swift; path = ContentView.swift; sourceTree = "<group>"; };
		9511F78E2716D5C800C45070 /* Assets.xcassets */ = {isa = PBXFileReference; lastKnownFileType = folder.assetcatalog; path = Assets.xcassets; sourceTree = "<group>"; };
		9511F7912716D5C800C45070 /* Preview Assets.xcassets */ = {isa = PBXFileReference; lastKnownFileType = folder.assetcatalog; path = "Preview Assets.xcassets"; sourceTree = "<group>"; };
		9511F7932716D5C800C45070 /* Info.plist */ = {isa = PBXFileReference; lastKnownFileType = text.plist.xml; path = Info.plist; sourceTree = "<group>"; };
		957B1700271BD3D400C6CCD0 /* Game.swift */ = {isa = PBXFileReference; lastKnownFileType = sourcecode.swift; path = Game.swift; sourceTree = "<group>"; };
		957B1706271C23FA00C6CCD0 /* BullseyeTests.xctest */ = {isa = PBXFileReference; explicitFileType = wrapper.cfbundle; includeInIndex = 0; path = BullseyeTests.xctest; sourceTree = BUILT_PRODUCTS_DIR; };
		957B1708271C23FA00C6CCD0 /* BullseyeTests.swift */ = {isa = PBXFileReference; lastKnownFileType = sourcecode.swift; path = BullseyeTests.swift; sourceTree = "<group>"; };
		957B170A271C23FA00C6CCD0 /* Info.plist */ = {isa = PBXFileReference; lastKnownFileType = text.plist.xml; path = Info.plist; sourceTree = "<group>"; };
		957B17102720066200C6CCD0 /* TextViews.swift */ = {isa = PBXFileReference; lastKnownFileType = sourcecode.swift; path = TextViews.swift; sourceTree = "<group>"; };
		957B17122721330C00C6CCD0 /* Shapes.swift */ = {isa = PBXFileReference; lastKnownFileType = sourcecode.swift; path = Shapes.swift; sourceTree = "<group>"; };
		957B1714272139ED00C6CCD0 /* RoundViews.swift */ = {isa = PBXFileReference; lastKnownFileType = sourcecode.swift; path = RoundViews.swift; sourceTree = "<group>"; };
		957B171627214CF300C6CCD0 /* BackgroundView.swift */ = {isa = PBXFileReference; lastKnownFileType = sourcecode.swift; path = BackgroundView.swift; sourceTree = "<group>"; };
/* End PBXFileReference section */

/* Begin PBXFrameworksBuildPhase section */
		9511F7842716D5C600C45070 /* Frameworks */ = {
			isa = PBXFrameworksBuildPhase;
			buildActionMask = 2147483647;
			files = (
			);
			runOnlyForDeploymentPostprocessing = 0;
		};
		957B1703271C23FA00C6CCD0 /* Frameworks */ = {
			isa = PBXFrameworksBuildPhase;
			buildActionMask = 2147483647;
			files = (
			);
			runOnlyForDeploymentPostprocessing = 0;
		};
/* End PBXFrameworksBuildPhase section */

/* Begin PBXGroup section */
		9511F77E2716D5C600C45070 = {
			isa = PBXGroup;
			children = (
				9511F7892716D5C600C45070 /* Bullseye */,
				957B1707271C23FA00C6CCD0 /* BullseyeTests */,
				9511F7882716D5C600C45070 /* Products */,
			);
			sourceTree = "<group>";
		};
		9511F7882716D5C600C45070 /* Products */ = {
			isa = PBXGroup;
			children = (
				9511F7872716D5C600C45070 /* Bullseye.app */,
				957B1706271C23FA00C6CCD0 /* BullseyeTests.xctest */,
			);
			name = Products;
			sourceTree = "<group>";
		};
		9511F7892716D5C600C45070 /* Bullseye */ = {
			isa = PBXGroup;
			children = (
				957B16FF271BD3B600C6CCD0 /* App */,
				957B16FE271BD3AD00C6CCD0 /* Views */,
				957B16FD271BD3A400C6CCD0 /* Models */,
				9511F7902716D5C800C45070 /* Preview Content */,
			);
			path = Bullseye;
			sourceTree = "<group>";
		};
		9511F7902716D5C800C45070 /* Preview Content */ = {
			isa = PBXGroup;
			children = (
				9511F7912716D5C800C45070 /* Preview Assets.xcassets */,
			);
			path = "Preview Content";
			sourceTree = "<group>";
		};
		957B16FD271BD3A400C6CCD0 /* Models */ = {
			isa = PBXGroup;
			children = (
				957B1700271BD3D400C6CCD0 /* Game.swift */,
			);
			path = Models;
			sourceTree = "<group>";
		};
		957B16FE271BD3AD00C6CCD0 /* Views */ = {
			isa = PBXGroup;
			children = (
				9511F78C2716D5C600C45070 /* ContentView.swift */,
				957B17102720066200C6CCD0 /* TextViews.swift */,
				957B17122721330C00C6CCD0 /* Shapes.swift */,
				957B1714272139ED00C6CCD0 /* RoundViews.swift */,
				957B171627214CF300C6CCD0 /* BackgroundView.swift */,
				950E147A27292D5D00ED00A5 /* PointView.swift */,
			);
			path = Views;
			sourceTree = "<group>";
		};
		957B16FF271BD3B600C6CCD0 /* App */ = {
			isa = PBXGroup;
			children = (
				9511F78A2716D5C600C45070 /* BullseyeApp.swift */,
				9511F78E2716D5C800C45070 /* Assets.xcassets */,
				9511F7932716D5C800C45070 /* Info.plist */,
			);
			path = App;
			sourceTree = "<group>";
		};
		957B1707271C23FA00C6CCD0 /* BullseyeTests */ = {
			isa = PBXGroup;
			children = (
				957B1708271C23FA00C6CCD0 /* BullseyeTests.swift */,
				957B170A271C23FA00C6CCD0 /* Info.plist */,
			);
			path = BullseyeTests;
			sourceTree = "<group>";
		};
/* End PBXGroup section */

/* Begin PBXNativeTarget section */
		9511F7862716D5C600C45070 /* Bullseye */ = {
			isa = PBXNativeTarget;
			buildConfigurationList = 9511F7962716D5C800C45070 /* Build configuration list for PBXNativeTarget "Bullseye" */;
			buildPhases = (
				9511F7832716D5C600C45070 /* Sources */,
				9511F7842716D5C600C45070 /* Frameworks */,
				9511F7852716D5C600C45070 /* Resources */,
			);
			buildRules = (
			);
			dependencies = (
			);
			name = Bullseye;
			productName = Bullseye;
			productReference = 9511F7872716D5C600C45070 /* Bullseye.app */;
			productType = "com.apple.product-type.application";
		};
		957B1705271C23FA00C6CCD0 /* BullseyeTests */ = {
			isa = PBXNativeTarget;
			buildConfigurationList = 957B170D271C23FA00C6CCD0 /* Build configuration list for PBXNativeTarget "BullseyeTests" */;
			buildPhases = (
				957B1702271C23FA00C6CCD0 /* Sources */,
				957B1703271C23FA00C6CCD0 /* Frameworks */,
				957B1704271C23FA00C6CCD0 /* Resources */,
			);
			buildRules = (
			);
			dependencies = (
				957B170C271C23FA00C6CCD0 /* PBXTargetDependency */,
			);
			name = BullseyeTests;
			productName = BullseyeTests;
			productReference = 957B1706271C23FA00C6CCD0 /* BullseyeTests.xctest */;
			productType = "com.apple.product-type.bundle.unit-test";
		};
/* End PBXNativeTarget section */

/* Begin PBXProject section */
		9511F77F2716D5C600C45070 /* Project object */ = {
			isa = PBXProject;
			attributes = {
				LastSwiftUpdateCheck = 1250;
				LastUpgradeCheck = 1250;
				TargetAttributes = {
					9511F7862716D5C600C45070 = {
						CreatedOnToolsVersion = 12.5.1;
					};
					957B1705271C23FA00C6CCD0 = {
						CreatedOnToolsVersion = 12.5.1;
						TestTargetID = 9511F7862716D5C600C45070;
					};
				};
			};
			buildConfigurationList = 9511F7822716D5C600C45070 /* Build configuration list for PBXProject "Bullseye" */;
			compatibilityVersion = "Xcode 9.3";
			developmentRegion = en;
			hasScannedForEncodings = 0;
			knownRegions = (
				en,
				Base,
			);
			mainGroup = 9511F77E2716D5C600C45070;
			productRefGroup = 9511F7882716D5C600C45070 /* Products */;
			projectDirPath = "";
			projectRoot = "";
			targets = (
				9511F7862716D5C600C45070 /* Bullseye */,
				957B1705271C23FA00C6CCD0 /* BullseyeTests */,
			);
		};
/* End PBXProject section */

/* Begin PBXResourcesBuildPhase section */
		9511F7852716D5C600C45070 /* Resources */ = {
			isa = PBXResourcesBuildPhase;
			buildActionMask = 2147483647;
			files = (
				9511F7922716D5C800C45070 /* Preview Assets.xcassets in Resources */,
				9511F78F2716D5C800C45070 /* Assets.xcassets in Resources */,
			);
			runOnlyForDeploymentPostprocessing = 0;
		};
		957B1704271C23FA00C6CCD0 /* Resources */ = {
			isa = PBXResourcesBuildPhase;
			buildActionMask = 2147483647;
			files = (
			);
			runOnlyForDeploymentPostprocessing = 0;
		};
/* End PBXResourcesBuildPhase section */

/* Begin PBXSourcesBuildPhase section */
		9511F7832716D5C600C45070 /* Sources */ = {
			isa = PBXSourcesBuildPhase;
			buildActionMask = 2147483647;
			files = (
				9511F78D2716D5C600C45070 /* ContentView.swift in Sources */,
				957B1701271BD3D400C6CCD0 /* Game.swift in Sources */,
				957B17132721330C00C6CCD0 /* Shapes.swift in Sources */,
				957B171727214CF300C6CCD0 /* BackgroundView.swift in Sources */,
				9511F78B2716D5C600C45070 /* BullseyeApp.swift in Sources */,
				957B17112720066300C6CCD0 /* TextViews.swift in Sources */,
				957B1715272139ED00C6CCD0 /* RoundViews.swift in Sources */,
				950E147B27292D5D00ED00A5 /* PointView.swift in Sources */,
			);
			runOnlyForDeploymentPostprocessing = 0;
		};
		957B1702271C23FA00C6CCD0 /* Sources */ = {
			isa = PBXSourcesBuildPhase;
			buildActionMask = 2147483647;
			files = (
				957B1709271C23FA00C6CCD0 /* BullseyeTests.swift in Sources */,
			);
			runOnlyForDeploymentPostprocessing = 0;
		};
/* End PBXSourcesBuildPhase section */

/* Begin PBXTargetDependency section */
		957B170C271C23FA00C6CCD0 /* PBXTargetDependency */ = {
			isa = PBXTargetDependency;
			target = 9511F7862716D5C600C45070 /* Bullseye */;
			targetProxy = 957B170B271C23FA00C6CCD0 /* PBXContainerItemProxy */;
		};
/* End PBXTargetDependency section */

/* Begin XCBuildConfiguration section */
		9511F7942716D5C800C45070 /* Debug */ = {
			isa = XCBuildConfiguration;
			buildSettings = {
				ALWAYS_SEARCH_USER_PATHS = NO;
				CLANG_ANALYZER_NONNULL = YES;
				CLANG_ANALYZER_NUMBER_OBJECT_CONVERSION = YES_AGGRESSIVE;
				CLANG_CXX_LANGUAGE_STANDARD = "gnu++14";
				CLANG_CXX_LIBRARY = "libc++";
				CLANG_ENABLE_MODULES = YES;
				CLANG_ENABLE_OBJC_ARC = YES;
				CLANG_ENABLE_OBJC_WEAK = YES;
				CLANG_WARN_BLOCK_CAPTURE_AUTORELEASING = YES;
				CLANG_WARN_BOOL_CONVERSION = YES;
				CLANG_WARN_COMMA = YES;
				CLANG_WARN_CONSTANT_CONVERSION = YES;
				CLANG_WARN_DEPRECATED_OBJC_IMPLEMENTATIONS = YES;
				CLANG_WARN_DIRECT_OBJC_ISA_USAGE = YES_ERROR;
				CLANG_WARN_DOCUMENTATION_COMMENTS = YES;
				CLANG_WARN_EMPTY_BODY = YES;
				CLANG_WARN_ENUM_CONVERSION = YES;
				CLANG_WARN_INFINITE_RECURSION = YES;
				CLANG_WARN_INT_CONVERSION = YES;
				CLANG_WARN_NON_LITERAL_NULL_CONVERSION = YES;
				CLANG_WARN_OBJC_IMPLICIT_RETAIN_SELF = YES;
				CLANG_WARN_OBJC_LITERAL_CONVERSION = YES;
				CLANG_WARN_OBJC_ROOT_CLASS = YES_ERROR;
				CLANG_WARN_QUOTED_INCLUDE_IN_FRAMEWORK_HEADER = YES;
				CLANG_WARN_RANGE_LOOP_ANALYSIS = YES;
				CLANG_WARN_STRICT_PROTOTYPES = YES;
				CLANG_WARN_SUSPICIOUS_MOVE = YES;
				CLANG_WARN_UNGUARDED_AVAILABILITY = YES_AGGRESSIVE;
				CLANG_WARN_UNREACHABLE_CODE = YES;
				CLANG_WARN__DUPLICATE_METHOD_MATCH = YES;
				COPY_PHASE_STRIP = NO;
				DEBUG_INFORMATION_FORMAT = dwarf;
				ENABLE_STRICT_OBJC_MSGSEND = YES;
				ENABLE_TESTABILITY = YES;
				GCC_C_LANGUAGE_STANDARD = gnu11;
				GCC_DYNAMIC_NO_PIC = NO;
				GCC_NO_COMMON_BLOCKS = YES;
				GCC_OPTIMIZATION_LEVEL = 0;
				GCC_PREPROCESSOR_DEFINITIONS = (
					"DEBUG=1",
					"$(inherited)",
				);
				GCC_WARN_64_TO_32_BIT_CONVERSION = YES;
				GCC_WARN_ABOUT_RETURN_TYPE = YES_ERROR;
				GCC_WARN_UNDECLARED_SELECTOR = YES;
				GCC_WARN_UNINITIALIZED_AUTOS = YES_AGGRESSIVE;
				GCC_WARN_UNUSED_FUNCTION = YES;
				GCC_WARN_UNUSED_VARIABLE = YES;
				IPHONEOS_DEPLOYMENT_TARGET = 14.5;
				MTL_ENABLE_DEBUG_INFO = INCLUDE_SOURCE;
				MTL_FAST_MATH = YES;
				ONLY_ACTIVE_ARCH = YES;
				SDKROOT = iphoneos;
				SWIFT_ACTIVE_COMPILATION_CONDITIONS = DEBUG;
				SWIFT_OPTIMIZATION_LEVEL = "-Onone";
			};
			name = Debug;
		};
		9511F7952716D5C800C45070 /* Release */ = {
			isa = XCBuildConfiguration;
			buildSettings = {
				ALWAYS_SEARCH_USER_PATHS = NO;
				CLANG_ANALYZER_NONNULL = YES;
				CLANG_ANALYZER_NUMBER_OBJECT_CONVERSION = YES_AGGRESSIVE;
				CLANG_CXX_LANGUAGE_STANDARD = "gnu++14";
				CLANG_CXX_LIBRARY = "libc++";
				CLANG_ENABLE_MODULES = YES;
				CLANG_ENABLE_OBJC_ARC = YES;
				CLANG_ENABLE_OBJC_WEAK = YES;
				CLANG_WARN_BLOCK_CAPTURE_AUTORELEASING = YES;
				CLANG_WARN_BOOL_CONVERSION = YES;
				CLANG_WARN_COMMA = YES;
				CLANG_WARN_CONSTANT_CONVERSION = YES;
				CLANG_WARN_DEPRECATED_OBJC_IMPLEMENTATIONS = YES;
				CLANG_WARN_DIRECT_OBJC_ISA_USAGE = YES_ERROR;
				CLANG_WARN_DOCUMENTATION_COMMENTS = YES;
				CLANG_WARN_EMPTY_BODY = YES;
				CLANG_WARN_ENUM_CONVERSION = YES;
				CLANG_WARN_INFINITE_RECURSION = YES;
				CLANG_WARN_INT_CONVERSION = YES;
				CLANG_WARN_NON_LITERAL_NULL_CONVERSION = YES;
				CLANG_WARN_OBJC_IMPLICIT_RETAIN_SELF = YES;
				CLANG_WARN_OBJC_LITERAL_CONVERSION = YES;
				CLANG_WARN_OBJC_ROOT_CLASS = YES_ERROR;
				CLANG_WARN_QUOTED_INCLUDE_IN_FRAMEWORK_HEADER = YES;
				CLANG_WARN_RANGE_LOOP_ANALYSIS = YES;
				CLANG_WARN_STRICT_PROTOTYPES = YES;
				CLANG_WARN_SUSPICIOUS_MOVE = YES;
				CLANG_WARN_UNGUARDED_AVAILABILITY = YES_AGGRESSIVE;
				CLANG_WARN_UNREACHABLE_CODE = YES;
				CLANG_WARN__DUPLICATE_METHOD_MATCH = YES;
				COPY_PHASE_STRIP = NO;
				DEBUG_INFORMATION_FORMAT = "dwarf-with-dsym";
				ENABLE_NS_ASSERTIONS = NO;
				ENABLE_STRICT_OBJC_MSGSEND = YES;
				GCC_C_LANGUAGE_STANDARD = gnu11;
				GCC_NO_COMMON_BLOCKS = YES;
				GCC_WARN_64_TO_32_BIT_CONVERSION = YES;
				GCC_WARN_ABOUT_RETURN_TYPE = YES_ERROR;
				GCC_WARN_UNDECLARED_SELECTOR = YES;
				GCC_WARN_UNINITIALIZED_AUTOS = YES_AGGRESSIVE;
				GCC_WARN_UNUSED_FUNCTION = YES;
				GCC_WARN_UNUSED_VARIABLE = YES;
				IPHONEOS_DEPLOYMENT_TARGET = 14.5;
				MTL_ENABLE_DEBUG_INFO = NO;
				MTL_FAST_MATH = YES;
				SDKROOT = iphoneos;
				SWIFT_COMPILATION_MODE = wholemodule;
				SWIFT_OPTIMIZATION_LEVEL = "-O";
				VALIDATE_PRODUCT = YES;
			};
			name = Release;
		};
		9511F7972716D5C800C45070 /* Debug */ = {
			isa = XCBuildConfiguration;
			buildSettings = {
				ASSETCATALOG_COMPILER_APPICON_NAME = AppIcon;
				ASSETCATALOG_COMPILER_GLOBAL_ACCENT_COLOR_NAME = AccentColor;
				CODE_SIGN_STYLE = Automatic;
				DEVELOPMENT_ASSET_PATHS = "\"Bullseye/Preview Content\"";
				DEVELOPMENT_TEAM = PLJU724YCG;
				ENABLE_PREVIEWS = YES;
				INFOPLIST_FILE = Bullseye/App/Info.plist;
				IPHONEOS_DEPLOYMENT_TARGET = 14.0;
				LD_RUNPATH_SEARCH_PATHS = (
					"$(inherited)",
					"@executable_path/Frameworks",
				);
				PRODUCT_BUNDLE_IDENTIFIER = bouncing.Bullseye;
				PRODUCT_NAME = "$(TARGET_NAME)";
				SWIFT_VERSION = 5.0;
				TARGETED_DEVICE_FAMILY = "1,2";
			};
			name = Debug;
		};
		9511F7982716D5C800C45070 /* Release */ = {
			isa = XCBuildConfiguration;
			buildSettings = {
				ASSETCATALOG_COMPILER_APPICON_NAME = AppIcon;
				ASSETCATALOG_COMPILER_GLOBAL_ACCENT_COLOR_NAME = AccentColor;
				CODE_SIGN_STYLE = Automatic;
				DEVELOPMENT_ASSET_PATHS = "\"Bullseye/Preview Content\"";
				DEVELOPMENT_TEAM = PLJU724YCG;
				ENABLE_PREVIEWS = YES;
				INFOPLIST_FILE = Bullseye/App/Info.plist;
				IPHONEOS_DEPLOYMENT_TARGET = 14.0;
				LD_RUNPATH_SEARCH_PATHS = (
					"$(inherited)",
					"@executable_path/Frameworks",
				);
				PRODUCT_BUNDLE_IDENTIFIER = bouncing.Bullseye;
				PRODUCT_NAME = "$(TARGET_NAME)";
				SWIFT_VERSION = 5.0;
				TARGETED_DEVICE_FAMILY = "1,2";
			};
			name = Release;
		};
		957B170E271C23FA00C6CCD0 /* Debug */ = {
			isa = XCBuildConfiguration;
			buildSettings = {
				BUNDLE_LOADER = "$(TEST_HOST)";
				CODE_SIGN_STYLE = Automatic;
				DEVELOPMENT_TEAM = PLJU724YCG;
				INFOPLIST_FILE = BullseyeTests/Info.plist;
				LD_RUNPATH_SEARCH_PATHS = (
					"$(inherited)",
					"@executable_path/Frameworks",
					"@loader_path/Frameworks",
				);
				PRODUCT_BUNDLE_IDENTIFIER = bouncing.BullseyeTests;
				PRODUCT_NAME = "$(TARGET_NAME)";
				SWIFT_VERSION = 5.0;
				TARGETED_DEVICE_FAMILY = "1,2";
				TEST_HOST = "$(BUILT_PRODUCTS_DIR)/Bullseye.app/Bullseye";
			};
			name = Debug;
		};
		957B170F271C23FA00C6CCD0 /* Release */ = {
			isa = XCBuildConfiguration;
			buildSettings = {
				BUNDLE_LOADER = "$(TEST_HOST)";
				CODE_SIGN_STYLE = Automatic;
				DEVELOPMENT_TEAM = PLJU724YCG;
				INFOPLIST_FILE = BullseyeTests/Info.plist;
				LD_RUNPATH_SEARCH_PATHS = (
					"$(inherited)",
					"@executable_path/Frameworks",
					"@loader_path/Frameworks",
				);
				PRODUCT_BUNDLE_IDENTIFIER = bouncing.BullseyeTests;
				PRODUCT_NAME = "$(TARGET_NAME)";
				SWIFT_VERSION = 5.0;
				TARGETED_DEVICE_FAMILY = "1,2";
				TEST_HOST = "$(BUILT_PRODUCTS_DIR)/Bullseye.app/Bullseye";
			};
			name = Release;
		};
/* End XCBuildConfiguration section */

/* Begin XCConfigurationList section */
		9511F7822716D5C600C45070 /* Build configuration list for PBXProject "Bullseye" */ = {
			isa = XCConfigurationList;
			buildConfigurations = (
				9511F7942716D5C800C45070 /* Debug */,
				9511F7952716D5C800C45070 /* Release */,
			);
			defaultConfigurationIsVisible = 0;
			defaultConfigurationName = Release;
		};
		9511F7962716D5C800C45070 /* Build configuration list for PBXNativeTarget "Bullseye" */ = {
			isa = XCConfigurationList;
			buildConfigurations = (
				9511F7972716D5C800C45070 /* Debug */,
				9511F7982716D5C800C45070 /* Release */,
			);
			defaultConfigurationIsVisible = 0;
			defaultConfigurationName = Release;
		};
		957B170D271C23FA00C6CCD0 /* Build configuration list for PBXNativeTarget "BullseyeTests" */ = {
			isa = XCConfigurationList;
			buildConfigurations = (
				957B170E271C23FA00C6CCD0 /* Debug */,
				957B170F271C23FA00C6CCD0 /* Release */,
			);
			defaultConfigurationIsVisible = 0;
			defaultConfigurationName = Release;
		};
/* End XCConfigurationList section */
	};
	rootObject = 9511F77F2716D5C600C45070 /* Project object */;
}
